
Microsoft Visual Studio Solution File, Format Version 12.00
# Visual Studio Version 16
VisualStudioVersion = 16.0.31624.102
MinimumVisualStudioVersion = 10.0.40219.1
Project("{FAE04EC0-301F-11D3-BF4B-00C04F79EFBC}") = "CTFAK.Core", "CTFAK.Core\CTFAK.Core.csproj", "{A2B1CC79-6BBA-4AEF-99C9-4E0CF426AA0A}"
EndProject

Project("{FAE04EC0-301F-11D3-BF4B-00C04F79EFBC}") = "CTFAK.GUI", "CTFAK.GUI\CTFAK.GUI.csproj", "{561621F6-C9AF-471C-B8E8-BF645BD22935}"
EndProject
Project("{FAE04EC0-301F-11D3-BF4B-00C04F79EFBC}") = "ExamplePlugin", "ExamplePlugin\ExamplePlugin.csproj", "{AFF80565-5F3F-4FCC-A630-614E2E8E4D9C}"
EndProject
Global
	GlobalSection(SolutionConfigurationPlatforms) = preSolution
		Debug|Any CPU = Debug|Any CPU
		Debug|x64 = Debug|x64
		Debug|x86 = Debug|x86
		Release|Any CPU = Release|Any CPU
		Release|x64 = Release|x64
		Release|x86 = Release|x86
	EndGlobalSection
	GlobalSection(ProjectConfigurationPlatforms) = postSolution
		{A2B1CC79-6BBA-4AEF-99C9-4E0CF426AA0A}.Debug|Any CPU.ActiveCfg = Debug|Any CPU
		{A2B1CC79-6BBA-4AEF-99C9-4E0CF426AA0A}.Debug|Any CPU.Build.0 = Debug|Any CPU
		{A2B1CC79-6BBA-4AEF-99C9-4E0CF426AA0A}.Debug|x86.ActiveCfg = Debug|Any CPU
		{A2B1CC79-6BBA-4AEF-99C9-4E0CF426AA0A}.Debug|x86.Build.0 = Debug|Any CPU
		{A2B1CC79-6BBA-4AEF-99C9-4E0CF426AA0A}.Release|Any CPU.ActiveCfg = Release|Any CPU
		{A2B1CC79-6BBA-4AEF-99C9-4E0CF426AA0A}.Release|Any CPU.Build.0 = Release|Any CPU
		{A2B1CC79-6BBA-4AEF-99C9-4E0CF426AA0A}.Release|x86.ActiveCfg = Release|Any CPU
		{A2B1CC79-6BBA-4AEF-99C9-4E0CF426AA0A}.Release|x86.Build.0 = Release|Any CPU
		{A2B1CC79-6BBA-4AEF-99C9-4E0CF426AA0A}.Debug|x64.ActiveCfg = Debug|x64
		{A2B1CC79-6BBA-4AEF-99C9-4E0CF426AA0A}.Debug|x64.Build.0 = Debug|x64
		{B60D8DA2-5928-4B6E-8EB4-93B709458075}.Debug|Any CPU.ActiveCfg = Debug|Any CPU
		{B60D8DA2-5928-4B6E-8EB4-93B709458075}.Debug|Any CPU.Build.0 = Debug|Any CPU
		{B60D8DA2-5928-4B6E-8EB4-93B709458075}.Debug|x64.ActiveCfg = Debug|Any CPU
		{B60D8DA2-5928-4B6E-8EB4-93B709458075}.Debug|x64.Build.0 = Debug|Any CPU
		{B60D8DA2-5928-4B6E-8EB4-93B709458075}.Debug|x86.ActiveCfg = Debug|Any CPU
		{B60D8DA2-5928-4B6E-8EB4-93B709458075}.Debug|x86.Build.0 = Debug|Any CPU
		{B60D8DA2-5928-4B6E-8EB4-93B709458075}.Release|Any CPU.ActiveCfg = Release|Any CPU
		{B60D8DA2-5928-4B6E-8EB4-93B709458075}.Release|Any CPU.Build.0 = Release|Any CPU
		{B60D8DA2-5928-4B6E-8EB4-93B709458075}.Release|x64.ActiveCfg = Release|Any CPU
		{B60D8DA2-5928-4B6E-8EB4-93B709458075}.Release|x64.Build.0 = Release|Any CPU
		{B60D8DA2-5928-4B6E-8EB4-93B709458075}.Release|x86.ActiveCfg = Release|Any CPU
		{B60D8DA2-5928-4B6E-8EB4-93B709458075}.Release|x86.Build.0 = Release|Any CPU
		{561621F6-C9AF-471C-B8E8-BF645BD22935}.Debug|Any CPU.ActiveCfg = Debug|Any CPU
		{561621F6-C9AF-471C-B8E8-BF645BD22935}.Debug|Any CPU.Build.0 = Debug|Any CPU
		{561621F6-C9AF-471C-B8E8-BF645BD22935}.Debug|x64.ActiveCfg = Debug|Any CPU
		{561621F6-C9AF-471C-B8E8-BF645BD22935}.Debug|x64.Build.0 = Debug|Any CPU
		{561621F6-C9AF-471C-B8E8-BF645BD22935}.Debug|x86.ActiveCfg = Debug|Any CPU
		{561621F6-C9AF-471C-B8E8-BF645BD22935}.Debug|x86.Build.0 = Debug|Any CPU
		{561621F6-C9AF-471C-B8E8-BF645BD22935}.Release|Any CPU.ActiveCfg = Release|Any CPU
		{561621F6-C9AF-471C-B8E8-BF645BD22935}.Release|Any CPU.Build.0 = Release|Any CPU
		{561621F6-C9AF-471C-B8E8-BF645BD22935}.Release|x64.ActiveCfg = Release|Any CPU
		{561621F6-C9AF-471C-B8E8-BF645BD22935}.Release|x64.Build.0 = Release|Any CPU
		{561621F6-C9AF-471C-B8E8-BF645BD22935}.Release|x86.ActiveCfg = Release|Any CPU
		{561621F6-C9AF-471C-B8E8-BF645BD22935}.Release|x86.Build.0 = Release|Any CPU
		{AFF80565-5F3F-4FCC-A630-614E2E8E4D9C}.Debug|Any CPU.ActiveCfg = Debug|Any CPU
		{AFF80565-5F3F-4FCC-A630-614E2E8E4D9C}.Debug|Any CPU.Build.0 = Debug|Any CPU
		{AFF80565-5F3F-4FCC-A630-614E2E8E4D9C}.Debug|x64.ActiveCfg = Debug|Any CPU
		{AFF80565-5F3F-4FCC-A630-614E2E8E4D9C}.Debug|x64.Build.0 = Debug|Any CPU
		{AFF80565-5F3F-4FCC-A630-614E2E8E4D9C}.Debug|x86.ActiveCfg = Debug|Any CPU
		{AFF80565-5F3F-4FCC-A630-614E2E8E4D9C}.Debug|x86.Build.0 = Debug|Any CPU
		{AFF80565-5F3F-4FCC-A630-614E2E8E4D9C}.Release|Any CPU.ActiveCfg = Release|Any CPU
		{AFF80565-5F3F-4FCC-A630-614E2E8E4D9C}.Release|Any CPU.Build.0 = Release|Any CPU
		{AFF80565-5F3F-4FCC-A630-614E2E8E4D9C}.Release|x64.ActiveCfg = Release|Any CPU
		{AFF80565-5F3F-4FCC-A630-614E2E8E4D9C}.Release|x64.Build.0 = Release|Any CPU
		{AFF80565-5F3F-4FCC-A630-614E2E8E4D9C}.Release|x86.ActiveCfg = Release|Any CPU
		{AFF80565-5F3F-4FCC-A630-614E2E8E4D9C}.Release|x86.Build.0 = Release|Any CPU
	EndGlobalSection
	GlobalSection(SolutionProperties) = preSolution
		HideSolutionNode = FALSE
	EndGlobalSection
	GlobalSection(ExtensibilityGlobals) = postSolution
		SolutionGuid = {1865FDEA-5BC9-4BC7-98B3-3E5A1C082324}
	EndGlobalSection
	GlobalSection(NestedProjects) = preSolution
	EndGlobalSection
EndGlobal
